
Microsoft Visual Studio Solution File, Format Version 12.00
# Visual Studio Version 17
VisualStudioVersion = 17.10.35027.167
MinimumVisualStudioVersion = 10.0.40219.1
Project("{FAE04EC0-301F-11D3-BF4B-00C04F79EFBC}") = "Releaf.API", "Releaf\Releaf.API.csproj", "{C02441EB-A14B-4392-AA44-D164170D472D}"
EndProject
Project("{FAE04EC0-301F-11D3-BF4B-00C04F79EFBC}") = "Releaf.Core", "Releaf.Core\Releaf.Core.csproj", "{86A7E9B2-D890-4BCC-8AF6-89CD03ADA463}"
EndProject
Project("{FAE04EC0-301F-11D3-BF4B-00C04F79EFBC}") = "Releaf.EF", "Releaf.EF\Releaf.EF.csproj", "{91D3DEA3-F7C8-45BB-AA81-5EA08F98FC93}"
EndProject
Global
	GlobalSection(SolutionConfigurationPlatforms) = preSolution
		Debug|Any CPU = Debug|Any CPU
		Release|Any CPU = Release|Any CPU
	EndGlobalSection
	GlobalSection(ProjectConfigurationPlatforms) = postSolution
		{C02441EB-A14B-4392-AA44-D164170D472D}.Debug|Any CPU.ActiveCfg = Debug|Any CPU
		{C02441EB-A14B-4392-AA44-D164170D472D}.Debug|Any CPU.Build.0 = Debug|Any CPU
		{C02441EB-A14B-4392-AA44-D164170D472D}.Release|Any CPU.ActiveCfg = Release|Any CPU
		{C02441EB-A14B-4392-AA44-D164170D472D}.Release|Any CPU.Build.0 = Release|Any CPU
		{86A7E9B2-D890-4BCC-8AF6-89CD03ADA463}.Debug|Any CPU.ActiveCfg = Debug|Any CPU
		{86A7E9B2-D890-4BCC-8AF6-89CD03ADA463}.Debug|Any CPU.Build.0 = Debug|Any CPU
		{86A7E9B2-D890-4BCC-8AF6-89CD03ADA463}.Release|Any CPU.ActiveCfg = Release|Any CPU
		{86A7E9B2-D890-4BCC-8AF6-89CD03ADA463}.Release|Any CPU.Build.0 = Release|Any CPU
		{91D3DEA3-F7C8-45BB-AA81-5EA08F98FC93}.Debug|Any CPU.ActiveCfg = Debug|Any CPU
		{91D3DEA3-F7C8-45BB-AA81-5EA08F98FC93}.Debug|Any CPU.Build.0 = Debug|Any CPU
		{91D3DEA3-F7C8-45BB-AA81-5EA08F98FC93}.Release|Any CPU.ActiveCfg = Release|Any CPU
		{91D3DEA3-F7C8-45BB-AA81-5EA08F98FC93}.Release|Any CPU.Build.0 = Release|Any CPU
	EndGlobalSection
	GlobalSection(SolutionProperties) = preSolution
		HideSolutionNode = FALSE
	EndGlobalSection
	GlobalSection(ExtensibilityGlobals) = postSolution
		SolutionGuid = {36F0EFA6-9190-407A-89B3-A0D1E2526FB4}
	EndGlobalSection
EndGlobal
